
Microsoft Visual Studio Solution File, Format Version 12.00
# Visual Studio Version 17
VisualStudioVersion = 17.5.002.0
MinimumVisualStudioVersion = 10.0.40219.1
Project("{9A19103F-16F7-4668-BE54-9A1E7A4F7556}") = "KeepAwake", "KeepAwake.csproj", "{0952EF62-C911-406D-B302-B07A82CD3141}"
EndProject
Global
	GlobalSection(SolutionConfigurationPlatforms) = preSolution
		Debug|Any CPU = Debug|Any CPU
		Release|Any CPU = Release|Any CPU
	EndGlobalSection
	GlobalSection(ProjectConfigurationPlatforms) = postSolution
		{0952EF62-C911-406D-B302-B07A82CD3141}.Debug|Any CPU.ActiveCfg = Debug|Any CPU
		{0952EF62-C911-406D-B302-B07A82CD3141}.Debug|Any CPU.Build.0 = Debug|Any CPU
		{0952EF62-C911-406D-B302-B07A82CD3141}.Release|Any CPU.ActiveCfg = Release|Any CPU
		{0952EF62-C911-406D-B302-B07A82CD3141}.Release|Any CPU.Build.0 = Release|Any CPU
	EndGlobalSection
	GlobalSection(SolutionProperties) = preSolution
		HideSolutionNode = FALSE
	EndGlobalSection
	GlobalSection(ExtensibilityGlobals) = postSolution
		SolutionGuid = {9D9F0483-AAC3-46B9-96CE-534FA0B72F3D}
	EndGlobalSection
EndGlobal
